
Microsoft Visual Studio Solution File, Format Version 12.00
# Visual Studio Version 17
VisualStudioVersion = 17.4.33205.214
MinimumVisualStudioVersion = 10.0.40219.1
Project("{54A90642-561A-4BB1-A94E-469ADEE60C69}") = "UserWeb", "UserWeb\UserWeb.esproj", "{17ED90EC-52D4-419B-8F0D-F78B116C254B}"
EndProject
Global
	GlobalSection(SolutionConfigurationPlatforms) = preSolution
		Debug|Any CPU = Debug|Any CPU
		Release|Any CPU = Release|Any CPU
	EndGlobalSection
	GlobalSection(ProjectConfigurationPlatforms) = postSolution
		{17ED90EC-52D4-419B-8F0D-F78B116C254B}.Debug|Any CPU.ActiveCfg = Debug|Any CPU
		{17ED90EC-52D4-419B-8F0D-F78B116C254B}.Debug|Any CPU.Build.0 = Debug|Any CPU
		{17ED90EC-52D4-419B-8F0D-F78B116C254B}.Debug|Any CPU.Deploy.0 = Debug|Any CPU
		{17ED90EC-52D4-419B-8F0D-F78B116C254B}.Release|Any CPU.ActiveCfg = Release|Any CPU
		{17ED90EC-52D4-419B-8F0D-F78B116C254B}.Release|Any CPU.Build.0 = Release|Any CPU
		{17ED90EC-52D4-419B-8F0D-F78B116C254B}.Release|Any CPU.Deploy.0 = Release|Any CPU
	EndGlobalSection
	GlobalSection(SolutionProperties) = preSolution
		HideSolutionNode = FALSE
	EndGlobalSection
	GlobalSection(ExtensibilityGlobals) = postSolution
		SolutionGuid = {D5FEA1BF-356F-40AC-8FAF-87216F5D3653}
	EndGlobalSection
EndGlobal
